
Microsoft Visual Studio Solution File, Format Version 12.00
# Visual Studio 15
VisualStudioVersion = 15.0.28010.2050
MinimumVisualStudioVersion = 10.0.40219.1
Project("{8BC9CEB8-8B4A-11D0-8D11-00A0C91BC942}") = "Heart Rate", "Heart Rate\Heart Rate.vcxproj", "{E84CE0EA-F307-4500-BDC9-3FF58DBCB7E7}"
EndProject
Global
	GlobalSection(SolutionConfigurationPlatforms) = preSolution
		Debug|x64 = Debug|x64
		Debug|x86 = Debug|x86
		Release|x64 = Release|x64
		Release|x86 = Release|x86
	EndGlobalSection
	GlobalSection(ProjectConfigurationPlatforms) = postSolution
		{E84CE0EA-F307-4500-BDC9-3FF58DBCB7E7}.Debug|x64.ActiveCfg = Debug|x64
		{E84CE0EA-F307-4500-BDC9-3FF58DBCB7E7}.Debug|x64.Build.0 = Debug|x64
		{E84CE0EA-F307-4500-BDC9-3FF58DBCB7E7}.Debug|x86.ActiveCfg = Debug|Win32
		{E84CE0EA-F307-4500-BDC9-3FF58DBCB7E7}.Debug|x86.Build.0 = Debug|Win32
		{E84CE0EA-F307-4500-BDC9-3FF58DBCB7E7}.Release|x64.ActiveCfg = Release|x64
		{E84CE0EA-F307-4500-BDC9-3FF58DBCB7E7}.Release|x64.Build.0 = Release|x64
		{E84CE0EA-F307-4500-BDC9-3FF58DBCB7E7}.Release|x86.ActiveCfg = Release|Win32
		{E84CE0EA-F307-4500-BDC9-3FF58DBCB7E7}.Release|x86.Build.0 = Release|Win32
	EndGlobalSection
	GlobalSection(SolutionProperties) = preSolution
		HideSolutionNode = FALSE
	EndGlobalSection
	GlobalSection(ExtensibilityGlobals) = postSolution
		SolutionGuid = {B1FE187E-D685-4C50-A46D-D8A99A3C44EB}
	EndGlobalSection
EndGlobal
